{
  "version": 4,
  "terraform_version": "1.9.3",
  "serial": 164,
  "lineage": "3fe6c002-cdad-c1ec-75f4-562b47d71f49",
  "outputs": {},
  "resources": [
    {
      "mode": "data",
      "type": "archive_file",
      "name": "lambda_package",
      "provider": "provider[\"registry.terraform.io/hashicorp/archive\"]",
      "instances": [
        {
          "schema_version": 0,
          "attributes": {
            "exclude_symlink_directories": null,
            "excludes": null,
            "id": "8d62b54b2defdb3751e7cb98c41a93c79ff38711",
            "output_base64sha256": "Goo91+x8LQYLm8CI6G1SOz+BxCA5NX4WIzOi9hj734M=",
            "output_base64sha512": "dkXz3NtwOrtr9nHt3BZc0+Y8myLL8WUppo2lKegk6bJTTfZTZRGy9xxPvE/EeVlY/SXytuOd+e7LUb+kuueVyQ==",
            "output_file_mode": null,
            "output_md5": "764670824033f522a608abe2fae17497",
            "output_path": "function.zip",
            "output_sha": "8d62b54b2defdb3751e7cb98c41a93c79ff38711",
            "output_sha256": "1a8a3dd7ec7c2d060b9bc088e86d523b3f81c42039357e162333a2f618fbdf83",
            "output_sha512": "7645f3dcdb703abb6bf671eddc165cd3e63c9b22cbf16529a68da529e824e9b2534df6536511b2f71c4fbc4fc4795958fd25f2b6e39df9eecb51bfa4bae795c9",
            "output_size": 1303,
            "source": [],
            "source_content": null,
            "source_content_filename": null,
            "source_dir": null,
            "source_file": "function.py",
            "type": "zip"
          },
          "sensitive_attributes": []
        }
      ]
    },
    {
      "mode": "data",
      "type": "aws_route53_zone",
      "name": "my_domain",
      "provider": "provider[\"registry.terraform.io/hashicorp/aws\"]",
      "instances": [
        {
          "schema_version": 0,
          "attributes": {
            "arn": "arn:aws:route53:::hostedzone/Z05777462YPNNNKIFLXKI",
            "caller_reference": "7eecf8ad-7615-4903-86fd-8a87a005ebf7",
            "comment": "",
            "id": "Z05777462YPNNNKIFLXKI",
            "linked_service_description": null,
            "linked_service_principal": null,
            "name": "rinku.in.net",
            "name_servers": [
              "ns-869.awsdns-44.net",
              "ns-1595.awsdns-07.co.uk",
              "ns-394.awsdns-49.com",
              "ns-1395.awsdns-46.org"
            ],
            "primary_name_server": "ns-869.awsdns-44.net",
            "private_zone": false,
            "resource_record_set_count": 4,
            "tags": {},
            "vpc_id": null,
            "zone_id": "Z05777462YPNNNKIFLXKI"
          },
          "sensitive_attributes": []
        }
      ]
    },
    {
      "mode": "managed",
      "type": "aws_acm_certificate",
      "name": "my_api_cert",
      "provider": "provider[\"registry.terraform.io/hashicorp/aws\"]",
      "instances": [
        {
          "schema_version": 0,
          "attributes": {
            "arn": "arn:aws:acm:ap-south-1:816069169823:certificate/ebd5a17f-eb3b-4c33-85b0-21e9e7576630",
            "certificate_authority_arn": "",
            "certificate_body": null,
            "certificate_chain": null,
            "domain_name": "*.rinku.in.net",
            "domain_validation_options": [
              {
                "domain_name": "*.rinku.in.net",
                "resource_record_name": "_5490ce857405f3da668b348c6c04875a.rinku.in.net.",
                "resource_record_type": "CNAME",
                "resource_record_value": "_c364ef5836ee9d496c6410c0da777c81.djqtsrsxkq.acm-validations.aws."
              }
            ],
            "early_renewal_duration": "",
            "id": "arn:aws:acm:ap-south-1:816069169823:certificate/ebd5a17f-eb3b-4c33-85b0-21e9e7576630",
            "key_algorithm": "RSA_2048",
            "not_after": "",
            "not_before": "",
            "options": [
              {
                "certificate_transparency_logging_preference": "ENABLED"
              }
            ],
            "pending_renewal": false,
            "private_key": null,
            "renewal_eligibility": "INELIGIBLE",
            "renewal_summary": [],
            "status": "PENDING_VALIDATION",
            "subject_alternative_names": [
              "*.rinku.in.net"
            ],
            "tags": null,
            "tags_all": {},
            "type": "AMAZON_ISSUED",
            "validation_emails": [],
            "validation_method": "DNS",
            "validation_option": []
          },
          "sensitive_attributes": [
            [
              {
                "type": "get_attr",
                "value": "private_key"
              }
            ]
          ],
          "private": "bnVsbA=="
        }
      ]
    },
    {
      "mode": "managed",
      "type": "aws_api_gateway_authorizer",
      "name": "demo",
      "provider": "provider[\"registry.terraform.io/hashicorp/aws\"]",
      "instances": [
        {
          "schema_version": 0,
          "attributes": {
            "arn": "arn:aws:apigateway:ap-south-1::/restapis/4hyokp2e5e/authorizers/w3jeea",
            "authorizer_credentials": "",
            "authorizer_result_ttl_in_seconds": 300,
            "authorizer_uri": "",
            "id": "w3jeea",
            "identity_source": "method.request.header.Authorization",
            "identity_validation_expression": "",
            "name": "my_apig_authorizer2",
            "provider_arns": [
              "arn:aws:cognito-idp:ap-south-1:816069169823:userpool/ap-south-1_LU4DedOad"
            ],
            "rest_api_id": "4hyokp2e5e",
            "type": "COGNITO_USER_POOLS"
          },
          "sensitive_attributes": [],
          "private": "bnVsbA==",
          "dependencies": [
            "aws_api_gateway_rest_api.my_api",
            "aws_cognito_user_pool.pool"
          ]
        }
      ]
    },
    {
      "mode": "managed",
      "type": "aws_api_gateway_deployment",
      "name": "deployment",
      "provider": "provider[\"registry.terraform.io/hashicorp/aws\"]",
      "instances": [
        {
          "schema_version": 0,
          "attributes": {
            "canary_settings": [],
            "created_date": "2024-11-11T12:42:25Z",
            "description": "",
            "execution_arn": "arn:aws:execute-api:ap-south-1:816069169823:4hyokp2e5e/dev",
            "id": "rajmdg",
            "invoke_url": "https://4hyokp2e5e.execute-api.ap-south-1.amazonaws.com/dev",
            "rest_api_id": "4hyokp2e5e",
            "stage_description": null,
            "stage_name": "dev",
            "triggers": null,
            "variables": null
          },
          "sensitive_attributes": [],
          "private": "bnVsbA==",
          "dependencies": [
            "aws_api_gateway_authorizer.demo",
            "aws_api_gateway_integration.lambda_integration",
            "aws_api_gateway_method.get_method",
            "aws_api_gateway_resource.root",
            "aws_api_gateway_rest_api.my_api",
            "aws_cognito_user_pool.pool",
            "aws_iam_role.lambda_role",
            "aws_lambda_function.html_lambda",
            "aws_lambda_layer_version.paramiko_layer",
            "data.archive_file.lambda_package"
          ]
        }
      ]
    },
    {
      "mode": "managed",
      "type": "aws_api_gateway_integration",
      "name": "lambda_integration",
      "provider": "provider[\"registry.terraform.io/hashicorp/aws\"]",
      "instances": [
        {
          "schema_version": 0,
          "attributes": {
            "cache_key_parameters": [],
            "cache_namespace": "9sh81t",
            "connection_id": "",
            "connection_type": "INTERNET",
            "content_handling": "",
            "credentials": "",
            "http_method": "GET",
            "id": "agi-4hyokp2e5e-9sh81t-GET",
            "integration_http_method": "POST",
            "passthrough_behavior": "WHEN_NO_MATCH",
            "request_parameters": {
              "integration.request.querystring.script": "method.request.querystring.script"
            },
            "request_templates": {},
            "resource_id": "9sh81t",
            "rest_api_id": "4hyokp2e5e",
            "timeout_milliseconds": 29000,
            "tls_config": [],
            "type": "AWS_PROXY",
            "uri": "arn:aws:apigateway:ap-south-1:lambda:path/2015-03-31/functions/arn:aws:lambda:ap-south-1:816069169823:function:myLambdaFunction-new/invocations"
          },
          "sensitive_attributes": [],
          "private": "bnVsbA==",
          "dependencies": [
            "aws_api_gateway_authorizer.demo",
            "aws_api_gateway_method.get_method",
            "aws_api_gateway_resource.root",
            "aws_api_gateway_rest_api.my_api",
            "aws_cognito_user_pool.pool",
            "aws_iam_role.lambda_role",
            "aws_lambda_function.html_lambda",
            "aws_lambda_layer_version.paramiko_layer",
            "data.archive_file.lambda_package"
          ]
        }
      ]
    },
    {
      "mode": "managed",
      "type": "aws_api_gateway_integration_response",
      "name": "get_integration_response",
      "provider": "provider[\"registry.terraform.io/hashicorp/aws\"]",
      "instances": [
        {
          "schema_version": 0,
          "attributes": {
            "content_handling": "",
            "http_method": "GET",
            "id": "agir-4hyokp2e5e-9sh81t-GET-200",
            "resource_id": "9sh81t",
            "response_parameters": {},
            "response_templates": {
              "application/json": "#set($inputRoot = $input.path('$'))\n{\n  \"message\": \"$inputRoot.message\"\n}"
            },
            "rest_api_id": "4hyokp2e5e",
            "selection_pattern": "",
            "status_code": "200"
          },
          "sensitive_attributes": [],
          "private": "bnVsbA==",
          "dependencies": [
            "aws_api_gateway_authorizer.demo",
            "aws_api_gateway_integration.lambda_integration",
            "aws_api_gateway_method.get_method",
            "aws_api_gateway_method_response.get_method_response",
            "aws_api_gateway_resource.root",
            "aws_api_gateway_rest_api.my_api",
            "aws_cognito_user_pool.pool",
            "aws_iam_role.lambda_role",
            "aws_lambda_function.html_lambda",
            "aws_lambda_layer_version.paramiko_layer",
            "data.archive_file.lambda_package"
          ]
        }
      ]
    },
    {
      "mode": "managed",
      "type": "aws_api_gateway_method",
      "name": "get_method",
      "provider": "provider[\"registry.terraform.io/hashicorp/aws\"]",
      "instances": [
        {
          "schema_version": 0,
          "attributes": {
            "api_key_required": false,
            "authorization": "COGNITO_USER_POOLS",
            "authorization_scopes": [],
            "authorizer_id": "w3jeea",
            "http_method": "GET",
            "id": "agm-4hyokp2e5e-9sh81t-GET",
            "operation_name": "",
            "request_models": {},
            "request_parameters": {
              "method.request.querystring.script": true
            },
            "request_validator_id": "",
            "resource_id": "9sh81t",
            "rest_api_id": "4hyokp2e5e"
          },
          "sensitive_attributes": [],
          "private": "bnVsbA==",
          "dependencies": [
            "aws_api_gateway_authorizer.demo",
            "aws_api_gateway_resource.root",
            "aws_api_gateway_rest_api.my_api",
            "aws_cognito_user_pool.pool"
          ]
        }
      ]
    },
    {
      "mode": "managed",
      "type": "aws_api_gateway_method_response",
      "name": "get_method_response",
      "provider": "provider[\"registry.terraform.io/hashicorp/aws\"]",
      "instances": [
        {
          "schema_version": 0,
          "attributes": {
            "http_method": "GET",
            "id": "agmr-4hyokp2e5e-9sh81t-GET-200",
            "resource_id": "9sh81t",
            "response_models": {},
            "response_parameters": {},
            "rest_api_id": "4hyokp2e5e",
            "status_code": "200"
          },
          "sensitive_attributes": [],
          "private": "bnVsbA==",
          "dependencies": [
            "aws_api_gateway_authorizer.demo",
            "aws_api_gateway_method.get_method",
            "aws_api_gateway_resource.root",
            "aws_api_gateway_rest_api.my_api",
            "aws_cognito_user_pool.pool"
          ]
        }
      ]
    },
    {
      "mode": "managed",
      "type": "aws_api_gateway_resource",
      "name": "root",
      "provider": "provider[\"registry.terraform.io/hashicorp/aws\"]",
      "instances": [
        {
          "schema_version": 0,
          "attributes": {
            "id": "9sh81t",
            "parent_id": "jvflukb5kc",
            "path": "/mypath",
            "path_part": "mypath",
            "rest_api_id": "4hyokp2e5e"
          },
          "sensitive_attributes": [],
          "private": "bnVsbA==",
          "dependencies": [
            "aws_api_gateway_rest_api.my_api"
          ]
        }
      ]
    },
    {
      "mode": "managed",
      "type": "aws_api_gateway_rest_api",
      "name": "my_api",
      "provider": "provider[\"registry.terraform.io/hashicorp/aws\"]",
      "instances": [
        {
          "schema_version": 0,
          "attributes": {
            "api_key_source": "HEADER",
            "arn": "arn:aws:apigateway:ap-south-1::/restapis/4hyokp2e5e",
            "binary_media_types": [],
            "body": null,
            "created_date": "2024-11-11T12:42:10Z",
            "description": "My API Gateway",
            "disable_execute_api_endpoint": false,
            "endpoint_configuration": [
              {
                "types": [
                  "REGIONAL"
                ],
                "vpc_endpoint_ids": []
              }
            ],
            "execution_arn": "arn:aws:execute-api:ap-south-1:816069169823:4hyokp2e5e",
            "fail_on_warnings": null,
            "id": "4hyokp2e5e",
            "minimum_compression_size": "",
            "name": "my-api-new",
            "parameters": null,
            "policy": "{\"Version\":\"2012-10-17\",\"Statement\":[{\"Effect\":\"Allow\",\"Principal\":\"*\",\"Action\":\"execute-api:Invoke\",\"Resource\":\"*\"},{\"Effect\":\"Deny\",\"Principal\":\"*\",\"Action\":\"execute-api:Invoke\",\"Resource\":\"*\",\"Condition\":{\"NotIpAddress\":{\"aws:SourceIp\":\"1.2.3.4/32\"}}}]}",
            "put_rest_api_mode": null,
            "root_resource_id": "jvflukb5kc",
            "tags": {},
            "tags_all": {}
          },
          "sensitive_attributes": [],
          "private": "bnVsbA=="
        }
      ]
    },
    {
      "mode": "managed",
      "type": "aws_api_gateway_rest_api_policy",
      "name": "example_policy",
      "provider": "provider[\"registry.terraform.io/hashicorp/aws\"]",
      "instances": [
        {
          "schema_version": 0,
          "attributes": {
            "id": "4hyokp2e5e",
            "policy": "{\"Version\":\"2012-10-17\",\"Statement\":[{\"Effect\":\"Allow\",\"Principal\":\"*\",\"Action\":\"execute-api:Invoke\",\"Resource\":\"*\"},{\"Effect\":\"Deny\",\"Principal\":\"*\",\"Action\":\"execute-api:Invoke\",\"Resource\":\"*\",\"Condition\":{\"NotIpAddress\":{\"aws:SourceIp\":\"106.219.140.82\"}}}]}",
            "rest_api_id": "4hyokp2e5e"
          },
          "sensitive_attributes": [],
          "private": "bnVsbA==",
          "dependencies": [
            "aws_api_gateway_rest_api.my_api"
          ]
        }
      ]
    },
    {
      "mode": "managed",
      "type": "aws_cognito_user",
      "name": "example",
      "provider": "provider[\"registry.terraform.io/hashicorp/aws\"]",
      "instances": [
        {
          "schema_version": 0,
          "attributes": {
            "attributes": {
              "sub": "e103bd9a-e061-7087-f38c-42c082a3728b"
            },
            "client_metadata": null,
            "creation_date": "2024-11-11T13:28:21Z",
            "desired_delivery_mediums": null,
            "enabled": true,
            "force_alias_creation": null,
            "id": "ap-south-1_LU4DedOad/sumeet.n",
            "last_modified_date": "2024-11-11T13:28:21Z",
            "message_action": null,
            "mfa_setting_list": [],
            "password": "Test@123",
            "preferred_mfa_setting": "",
            "status": "CONFIRMED",
            "sub": "e103bd9a-e061-7087-f38c-42c082a3728b",
            "temporary_password": null,
            "user_pool_id": "ap-south-1_LU4DedOad",
            "username": "sumeet.n",
            "validation_data": null
          },
          "sensitive_attributes": [
            [
              {
                "type": "get_attr",
                "value": "temporary_password"
              }
            ],
            [
              {
                "type": "get_attr",
                "value": "password"
              }
            ]
          ],
          "private": "bnVsbA==",
          "dependencies": [
            "aws_cognito_user_pool.pool"
          ]
        }
      ]
    },
    {
      "mode": "managed",
      "type": "aws_cognito_user_pool",
      "name": "pool",
      "provider": "provider[\"registry.terraform.io/hashicorp/aws\"]",
      "instances": [
        {
          "schema_version": 0,
          "attributes": {
            "account_recovery_setting": [
              {
                "recovery_mechanism": [
                  {
                    "name": "verified_email",
                    "priority": 1
                  },
                  {
                    "name": "verified_phone_number",
                    "priority": 2
                  }
                ]
              }
            ],
            "admin_create_user_config": [
              {
                "allow_admin_create_user_only": false,
                "invite_message_template": []
              }
            ],
            "alias_attributes": null,
            "arn": "arn:aws:cognito-idp:ap-south-1:816069169823:userpool/ap-south-1_LU4DedOad",
            "auto_verified_attributes": [],
            "creation_date": "2024-11-11T13:28:20Z",
            "custom_domain": "",
            "deletion_protection": "INACTIVE",
            "device_configuration": [],
            "domain": "",
            "email_configuration": [
              {
                "configuration_set": "",
                "email_sending_account": "COGNITO_DEFAULT",
                "from_email_address": "",
                "reply_to_email_address": "",
                "source_arn": ""
              }
            ],
            "email_verification_message": "",
            "email_verification_subject": "",
            "endpoint": "cognito-idp.ap-south-1.amazonaws.com/ap-south-1_LU4DedOad",
            "estimated_number_of_users": 1,
            "id": "ap-south-1_LU4DedOad",
            "lambda_config": [],
            "last_modified_date": "2024-11-11T13:28:20Z",
            "mfa_configuration": "OFF",
            "name": "mypool",
            "password_policy": [
              {
                "minimum_length": 8,
                "password_history_size": 0,
                "require_lowercase": true,
                "require_numbers": true,
                "require_symbols": true,
                "require_uppercase": true,
                "temporary_password_validity_days": 7
              }
            ],
            "schema": [],
            "sms_authentication_message": "",
            "sms_configuration": [],
            "sms_verification_message": "",
            "software_token_mfa_configuration": [],
            "tags": {},
            "tags_all": {},
            "user_attribute_update_settings": [],
            "user_pool_add_ons": [],
            "username_attributes": [],
            "username_configuration": [],
            "verification_message_template": [
              {
                "default_email_option": "CONFIRM_WITH_CODE",
                "email_message": "",
                "email_message_by_link": "",
                "email_subject": "",
                "email_subject_by_link": "",
                "sms_message": ""
              }
            ]
          },
          "sensitive_attributes": [],
          "private": "bnVsbA=="
        }
      ]
    },
    {
      "mode": "managed",
      "type": "aws_cognito_user_pool_client",
      "name": "client",
      "provider": "provider[\"registry.terraform.io/hashicorp/aws\"]",
      "instances": [
        {
          "schema_version": 0,
          "attributes": {
            "access_token_validity": 0,
            "allowed_oauth_flows": [
              "code",
              "implicit"
            ],
            "allowed_oauth_flows_user_pool_client": true,
            "allowed_oauth_scopes": [
              "aws.cognito.signin.user.admin",
              "email",
              "openid",
              "profile"
            ],
            "analytics_configuration": [],
            "auth_session_validity": 3,
            "callback_urls": [
              "https://example.com"
            ],
            "client_secret": "",
            "default_redirect_uri": "",
            "enable_propagate_additional_user_context_data": false,
            "enable_token_revocation": true,
            "explicit_auth_flows": [
              "ADMIN_NO_SRP_AUTH",
              "USER_PASSWORD_AUTH"
            ],
            "generate_secret": false,
            "id": "1dl55ciemdpitod3tpualssj88",
            "id_token_validity": 0,
            "logout_urls": [
              "https://sumeet.life"
            ],
            "name": "client",
            "prevent_user_existence_errors": "",
            "read_attributes": [],
            "refresh_token_validity": 30,
            "supported_identity_providers": [
              "COGNITO"
            ],
            "token_validity_units": [],
            "user_pool_id": "ap-south-1_LU4DedOad",
            "write_attributes": []
          },
          "sensitive_attributes": [
            [
              {
                "type": "get_attr",
                "value": "client_secret"
              }
            ]
          ],
          "dependencies": [
            "aws_cognito_user_pool.pool"
          ]
        }
      ]
    },
    {
      "mode": "managed",
      "type": "aws_iam_role",
      "name": "lambda_role",
      "provider": "provider[\"registry.terraform.io/hashicorp/aws\"]",
      "instances": [
        {
          "schema_version": 0,
          "attributes": {
            "arn": "arn:aws:iam::816069169823:role/lambda-role-new",
            "assume_role_policy": "{\"Statement\":[{\"Action\":\"sts:AssumeRole\",\"Effect\":\"Allow\",\"Principal\":{\"Service\":\"lambda.amazonaws.com\"}}],\"Version\":\"2012-10-17\"}",
            "create_date": "2024-11-11T12:42:11Z",
            "description": "",
            "force_detach_policies": false,
            "id": "lambda-role-new",
            "inline_policy": [],
            "managed_policy_arns": [
              "arn:aws:iam::aws:policy/AmazonS3FullAccess",
              "arn:aws:iam::aws:policy/service-role/AWSLambdaBasicExecutionRole"
            ],
            "max_session_duration": 3600,
            "name": "lambda-role-new",
            "name_prefix": "",
            "path": "/",
            "permissions_boundary": "",
            "tags": {},
            "tags_all": {},
            "unique_id": "AROA34AMDKKPWEANTW3VR"
          },
          "sensitive_attributes": [],
          "private": "bnVsbA=="
        }
      ]
    },
    {
      "mode": "managed",
      "type": "aws_iam_role_policy_attachment",
      "name": "lambda_basic",
      "provider": "provider[\"registry.terraform.io/hashicorp/aws\"]",
      "instances": [
        {
          "schema_version": 0,
          "attributes": {
            "id": "lambda-role-new-20241111124214726400000002",
            "policy_arn": "arn:aws:iam::aws:policy/service-role/AWSLambdaBasicExecutionRole",
            "role": "lambda-role-new"
          },
          "sensitive_attributes": [],
          "private": "bnVsbA==",
          "dependencies": [
            "aws_iam_role.lambda_role"
          ]
        }
      ]
    },
    {
      "mode": "managed",
      "type": "aws_iam_role_policy_attachment",
      "name": "lambda_s3_full_access",
      "provider": "provider[\"registry.terraform.io/hashicorp/aws\"]",
      "instances": [
        {
          "schema_version": 0,
          "attributes": {
            "id": "lambda-role-new-20241111124214414700000001",
            "policy_arn": "arn:aws:iam::aws:policy/AmazonS3FullAccess",
            "role": "lambda-role-new"
          },
          "sensitive_attributes": [],
          "private": "bnVsbA==",
          "dependencies": [
            "aws_iam_role.lambda_role"
          ]
        }
      ]
    },
    {
      "mode": "managed",
      "type": "aws_lambda_function",
      "name": "html_lambda",
      "provider": "provider[\"registry.terraform.io/hashicorp/aws\"]",
      "instances": [
        {
          "schema_version": 0,
          "attributes": {
            "architectures": [
              "x86_64"
            ],
            "arn": "arn:aws:lambda:ap-south-1:816069169823:function:myLambdaFunction-new",
            "code_sha256": "eyQROn/ebCDwnb4hf/9SUMW+gbwhTfvn/3rwyrrcqk4=",
            "code_signing_config_arn": "",
            "dead_letter_config": [],
            "description": "",
            "environment": [],
            "ephemeral_storage": [
              {
                "size": 512
              }
            ],
            "file_system_config": [],
            "filename": "function.zip",
            "function_name": "myLambdaFunction-new",
            "handler": "function.lambda_handler",
            "id": "myLambdaFunction-new",
            "image_config": [],
            "image_uri": "",
            "invoke_arn": "arn:aws:apigateway:ap-south-1:lambda:path/2015-03-31/functions/arn:aws:lambda:ap-south-1:816069169823:function:myLambdaFunction-new/invocations",
            "kms_key_arn": "",
            "last_modified": "2024-11-11T12:48:35.000+0000",
            "layers": [
              "arn:aws:lambda:ap-south-1:816069169823:layer:paramiko-layer:4"
            ],
            "logging_config": [
              {
                "application_log_level": "",
                "log_format": "Text",
                "log_group": "/aws/lambda/myLambdaFunction-new",
                "system_log_level": ""
              }
            ],
            "memory_size": 128,
            "package_type": "Zip",
            "publish": false,
            "qualified_arn": "arn:aws:lambda:ap-south-1:816069169823:function:myLambdaFunction-new:$LATEST",
            "qualified_invoke_arn": "arn:aws:apigateway:ap-south-1:lambda:path/2015-03-31/functions/arn:aws:lambda:ap-south-1:816069169823:function:myLambdaFunction-new:$LATEST/invocations",
            "replace_security_groups_on_destroy": null,
            "replacement_security_group_ids": null,
            "reserved_concurrent_executions": -1,
            "role": "arn:aws:iam::816069169823:role/lambda-role-new",
            "runtime": "python3.12",
            "s3_bucket": null,
            "s3_key": null,
            "s3_object_version": null,
            "signing_job_arn": "",
            "signing_profile_version_arn": "",
            "skip_destroy": false,
            "snap_start": [],
            "source_code_hash": "",
            "source_code_size": 1290,
            "tags": {},
            "tags_all": {},
            "timeout": 30,
            "timeouts": null,
            "tracing_config": [
              {
                "mode": "PassThrough"
              }
            ],
            "version": "$LATEST",
            "vpc_config": []
          },
          "sensitive_attributes": [],
          "private": "eyJlMmJmYjczMC1lY2FhLTExZTYtOGY4OC0zNDM2M2JjN2M0YzAiOnsiY3JlYXRlIjo2MDAwMDAwMDAwMDAsImRlbGV0ZSI6NjAwMDAwMDAwMDAwLCJ1cGRhdGUiOjYwMDAwMDAwMDAwMH19",
          "dependencies": [
            "aws_iam_role.lambda_role",
            "aws_lambda_layer_version.paramiko_layer",
            "data.archive_file.lambda_package"
          ]
        }
      ]
    },
    {
      "mode": "managed",
      "type": "aws_lambda_layer_version",
      "name": "paramiko_layer",
      "provider": "provider[\"registry.terraform.io/hashicorp/aws\"]",
      "instances": [
        {
          "schema_version": 0,
          "attributes": {
            "arn": "arn:aws:lambda:ap-south-1:816069169823:layer:paramiko-layer:4",
            "code_sha256": "1n39xIJC6PGHtsOtaiTqTSQ8x4V9JJ84wuc/sr5/EM0=",
            "compatible_architectures": [],
            "compatible_runtimes": [
              "python3.12"
            ],
            "created_date": "2024-11-11T12:42:18.840+0000",
            "description": "",
            "filename": "paramiko.zip",
            "id": "arn:aws:lambda:ap-south-1:816069169823:layer:paramiko-layer:4",
            "layer_arn": "arn:aws:lambda:ap-south-1:816069169823:layer:paramiko-layer",
            "layer_name": "paramiko-layer",
            "license_info": "",
            "s3_bucket": null,
            "s3_key": null,
            "s3_object_version": null,
            "signing_job_arn": "",
            "signing_profile_version_arn": "",
            "skip_destroy": false,
            "source_code_hash": "",
            "source_code_size": 7028306,
            "version": "4"
          },
          "sensitive_attributes": [],
          "private": "bnVsbA=="
        }
      ]
    },
    {
      "mode": "managed",
      "type": "aws_lambda_permission",
      "name": "apigw_lambda",
      "provider": "provider[\"registry.terraform.io/hashicorp/aws\"]",
      "instances": [
        {
          "schema_version": 0,
          "attributes": {
            "action": "lambda:InvokeFunction",
            "event_source_token": null,
            "function_name": "myLambdaFunction-new",
            "function_url_auth_type": null,
            "id": "AllowExecutionFromAPIGateway",
            "principal": "apigateway.amazonaws.com",
            "principal_org_id": null,
            "qualifier": "",
            "source_account": null,
            "source_arn": "arn:aws:execute-api:ap-south-1:816069169823:4hyokp2e5e/*/*",
            "statement_id": "AllowExecutionFromAPIGateway",
            "statement_id_prefix": ""
          },
          "sensitive_attributes": [],
          "private": "bnVsbA==",
          "dependencies": [
            "aws_api_gateway_rest_api.my_api",
            "aws_iam_role.lambda_role",
            "aws_lambda_function.html_lambda",
            "aws_lambda_layer_version.paramiko_layer",
            "data.archive_file.lambda_package"
          ]
        }
      ]
    }
  ],
  "check_results": null
}
